
Microsoft Visual Studio Solution File, Format Version 12.00
# Visual Studio 15
Project("{FAE04EC0-301F-11D3-BF4B-00C04F79EFBC}") = "AstarPathfindingProject", "AstarPathfindingProject.csproj", "{E6F5A908-1D3F-2752-D8C4-EAB5FEC4FFFD}"
EndProject
Project("{FAE04EC0-301F-11D3-BF4B-00C04F79EFBC}") = "Assembly-CSharp", "Assembly-CSharp.csproj", "{F5870D43-5E3E-AEF6-636B-BD431F32DEEE}"
EndProject
Project("{FAE04EC0-301F-11D3-BF4B-00C04F79EFBC}") = "AstarPathfindingProjectEditor", "AstarPathfindingProjectEditor.csproj", "{D1C2D0F7-7633-4350-A070-F9AA5FCBC10D}"
EndProject
Project("{FAE04EC0-301F-11D3-BF4B-00C04F79EFBC}") = "PackageToolsEditor", "PackageToolsEditor.csproj", "{41B1FB6F-78E2-D70A-3CD6-DDFF88B9896A}"
EndProject
Global
	GlobalSection(SolutionConfigurationPlatforms) = preSolution
		Debug|Any CPU = Debug|Any CPU
		Release|Any CPU = Release|Any CPU
	EndGlobalSection
	GlobalSection(ProjectConfigurationPlatforms) = postSolution
		{E6F5A908-1D3F-2752-D8C4-EAB5FEC4FFFD}.Debug|Any CPU.ActiveCfg = Debug|Any CPU
		{E6F5A908-1D3F-2752-D8C4-EAB5FEC4FFFD}.Debug|Any CPU.Build.0 = Debug|Any CPU
		{E6F5A908-1D3F-2752-D8C4-EAB5FEC4FFFD}.Release|Any CPU.ActiveCfg = Release|Any CPU
		{E6F5A908-1D3F-2752-D8C4-EAB5FEC4FFFD}.Release|Any CPU.Build.0 = Release|Any CPU
		{F5870D43-5E3E-AEF6-636B-BD431F32DEEE}.Debug|Any CPU.ActiveCfg = Debug|Any CPU
		{F5870D43-5E3E-AEF6-636B-BD431F32DEEE}.Debug|Any CPU.Build.0 = Debug|Any CPU
		{F5870D43-5E3E-AEF6-636B-BD431F32DEEE}.Release|Any CPU.ActiveCfg = Release|Any CPU
		{F5870D43-5E3E-AEF6-636B-BD431F32DEEE}.Release|Any CPU.Build.0 = Release|Any CPU
		{D1C2D0F7-7633-4350-A070-F9AA5FCBC10D}.Debug|Any CPU.ActiveCfg = Debug|Any CPU
		{D1C2D0F7-7633-4350-A070-F9AA5FCBC10D}.Debug|Any CPU.Build.0 = Debug|Any CPU
		{D1C2D0F7-7633-4350-A070-F9AA5FCBC10D}.Release|Any CPU.ActiveCfg = Release|Any CPU
		{D1C2D0F7-7633-4350-A070-F9AA5FCBC10D}.Release|Any CPU.Build.0 = Release|Any CPU
		{41B1FB6F-78E2-D70A-3CD6-DDFF88B9896A}.Debug|Any CPU.ActiveCfg = Debug|Any CPU
		{41B1FB6F-78E2-D70A-3CD6-DDFF88B9896A}.Debug|Any CPU.Build.0 = Debug|Any CPU
		{41B1FB6F-78E2-D70A-3CD6-DDFF88B9896A}.Release|Any CPU.ActiveCfg = Release|Any CPU
		{41B1FB6F-78E2-D70A-3CD6-DDFF88B9896A}.Release|Any CPU.Build.0 = Release|Any CPU
	EndGlobalSection
	GlobalSection(SolutionProperties) = preSolution
		HideSolutionNode = FALSE
	EndGlobalSection
EndGlobal
